// !$*UTF8*$!
{
	archiveVersion = 1;
	classes = {
	};
	objectVersion = 50;
	objects = {

/* Begin PBXBuildFile section */
		2F01CBD923A8642000FD1AEA /* AppDelegate.swift in Sources */ = {isa = PBXBuildFile; fileRef = 2F01CBD823A8642000FD1AEA /* AppDelegate.swift */; };
		2F01CBDB23A8642000FD1AEA /* SceneDelegate.swift in Sources */ = {isa = PBXBuildFile; fileRef = 2F01CBDA23A8642000FD1AEA /* SceneDelegate.swift */; };
		2F01CBDE23A8642000FD1AEA /* PokeMaster.xcdatamodeld in Sources */ = {isa = PBXBuildFile; fileRef = 2F01CBDC23A8642000FD1AEA /* PokeMaster.xcdatamodeld */; };
		2F01CBE023A8642000FD1AEA /* ContentView.swift in Sources */ = {isa = PBXBuildFile; fileRef = 2F01CBDF23A8642000FD1AEA /* ContentView.swift */; };
		2F01CBE223A8642600FD1AEA /* Assets.xcassets in Resources */ = {isa = PBXBuildFile; fileRef = 2F01CBE123A8642600FD1AEA /* Assets.xcassets */; };
		2F01CBE523A8642600FD1AEA /* Preview Assets.xcassets in Resources */ = {isa = PBXBuildFile; fileRef = 2F01CBE423A8642600FD1AEA /* Preview Assets.xcassets */; };
		2F01CBE823A8642600FD1AEA /* LaunchScreen.storyboard in Resources */ = {isa = PBXBuildFile; fileRef = 2F01CBE623A8642600FD1AEA /* LaunchScreen.storyboard */; };
		2F01CBF323A8642800FD1AEA /* PokeMasterTests.swift in Sources */ = {isa = PBXBuildFile; fileRef = 2F01CBF223A8642800FD1AEA /* PokeMasterTests.swift */; };
		2F01CBFE23A8642800FD1AEA /* PokeMasterUITests.swift in Sources */ = {isa = PBXBuildFile; fileRef = 2F01CBFD23A8642800FD1AEA /* PokeMasterUITests.swift */; };
		2F13933D23A877630077F44E /* ability-34.json in Resources */ = {isa = PBXBuildFile; fileRef = 2F1392FD23A877620077F44E /* ability-34.json */; };
		2F13933E23A877630077F44E /* ability-65.json in Resources */ = {isa = PBXBuildFile; fileRef = 2F1392FE23A877620077F44E /* ability-65.json */; };
		2F13933F23A877630077F44E /* pokemon-7.json in Resources */ = {isa = PBXBuildFile; fileRef = 2F13930023A877620077F44E /* pokemon-7.json */; };
		2F13934023A877630077F44E /* pokemon-14.json in Resources */ = {isa = PBXBuildFile; fileRef = 2F13930123A877620077F44E /* pokemon-14.json */; };
		2F13934123A877630077F44E /* pokemon-22.json in Resources */ = {isa = PBXBuildFile; fileRef = 2F13930223A877620077F44E /* pokemon-22.json */; };
		2F13934223A877630077F44E /* pokemon-18.json in Resources */ = {isa = PBXBuildFile; fileRef = 2F13930323A877620077F44E /* pokemon-18.json */; };
		2F13934323A877630077F44E /* pokemon-19.json in Resources */ = {isa = PBXBuildFile; fileRef = 2F13930423A877620077F44E /* pokemon-19.json */; };
		2F13934423A877630077F44E /* pokemon-23.json in Resources */ = {isa = PBXBuildFile; fileRef = 2F13930523A877620077F44E /* pokemon-23.json */; };
		2F13934523A877630077F44E /* pokemon-15.json in Resources */ = {isa = PBXBuildFile; fileRef = 2F13930623A877620077F44E /* pokemon-15.json */; };
		2F13934623A877630077F44E /* pokemon-6.json in Resources */ = {isa = PBXBuildFile; fileRef = 2F13930723A877620077F44E /* pokemon-6.json */; };
		2F13934723A877630077F44E /* pokemon-24.json in Resources */ = {isa = PBXBuildFile; fileRef = 2F13930823A877620077F44E /* pokemon-24.json */; };
		2F13934823A877630077F44E /* pokemon-28.json in Resources */ = {isa = PBXBuildFile; fileRef = 2F13930923A877620077F44E /* pokemon-28.json */; };
		2F13934923A877630077F44E /* pokemon-1.json in Resources */ = {isa = PBXBuildFile; fileRef = 2F13930A23A877620077F44E /* pokemon-1.json */; };
		2F13934A23A877630077F44E /* pokemon-12.json in Resources */ = {isa = PBXBuildFile; fileRef = 2F13930B23A877620077F44E /* pokemon-12.json */; };
		2F13934B23A877630077F44E /* pokemon-13.json in Resources */ = {isa = PBXBuildFile; fileRef = 2F13930C23A877620077F44E /* pokemon-13.json */; };
		2F13934C23A877630077F44E /* pokemon-29.json in Resources */ = {isa = PBXBuildFile; fileRef = 2F13930D23A877620077F44E /* pokemon-29.json */; };
		2F13934D23A877630077F44E /* pokemon-25.json in Resources */ = {isa = PBXBuildFile; fileRef = 2F13930E23A877620077F44E /* pokemon-25.json */; };
		2F13934E23A877630077F44E /* pokemon-26.json in Resources */ = {isa = PBXBuildFile; fileRef = 2F13930F23A877620077F44E /* pokemon-26.json */; };
		2F13934F23A877630077F44E /* pokemon-30.json in Resources */ = {isa = PBXBuildFile; fileRef = 2F13931023A877620077F44E /* pokemon-30.json */; };
		2F13935023A877630077F44E /* pokemon-10.json in Resources */ = {isa = PBXBuildFile; fileRef = 2F13931123A877620077F44E /* pokemon-10.json */; };
		2F13935123A877630077F44E /* pokemon-3.json in Resources */ = {isa = PBXBuildFile; fileRef = 2F13931223A877620077F44E /* pokemon-3.json */; };
		2F13935223A877630077F44E /* pokemon-2.json in Resources */ = {isa = PBXBuildFile; fileRef = 2F13931323A877620077F44E /* pokemon-2.json */; };
		2F13935323A877630077F44E /* pokemon-11.json in Resources */ = {isa = PBXBuildFile; fileRef = 2F13931423A877620077F44E /* pokemon-11.json */; };
		2F13935423A877630077F44E /* pokemon-27.json in Resources */ = {isa = PBXBuildFile; fileRef = 2F13931523A877620077F44E /* pokemon-27.json */; };
		2F13935523A877630077F44E /* pokemon-16.json in Resources */ = {isa = PBXBuildFile; fileRef = 2F13931623A877620077F44E /* pokemon-16.json */; };
		2F13935623A877630077F44E /* pokemon-5.json in Resources */ = {isa = PBXBuildFile; fileRef = 2F13931723A877620077F44E /* pokemon-5.json */; };
		2F13935723A877630077F44E /* pokemon-9.json in Resources */ = {isa = PBXBuildFile; fileRef = 2F13931823A877620077F44E /* pokemon-9.json */; };
		2F13935823A877630077F44E /* pokemon-20.json in Resources */ = {isa = PBXBuildFile; fileRef = 2F13931923A877620077F44E /* pokemon-20.json */; };
		2F13935923A877630077F44E /* pokemon-21.json in Resources */ = {isa = PBXBuildFile; fileRef = 2F13931A23A877620077F44E /* pokemon-21.json */; };
		2F13935A23A877630077F44E /* pokemon-8.json in Resources */ = {isa = PBXBuildFile; fileRef = 2F13931B23A877620077F44E /* pokemon-8.json */; };
		2F13935B23A877630077F44E /* pokemon-4.json in Resources */ = {isa = PBXBuildFile; fileRef = 2F13931C23A877620077F44E /* pokemon-4.json */; };
		2F13935C23A877630077F44E /* pokemon-17.json in Resources */ = {isa = PBXBuildFile; fileRef = 2F13931D23A877620077F44E /* pokemon-17.json */; };
		2F13935D23A877630077F44E /* pokemon-species-11.json in Resources */ = {isa = PBXBuildFile; fileRef = 2F13931F23A877630077F44E /* pokemon-species-11.json */; };
		2F13935E23A877630077F44E /* pokemon-species-7.json in Resources */ = {isa = PBXBuildFile; fileRef = 2F13932023A877630077F44E /* pokemon-species-7.json */; };
		2F13935F23A877630077F44E /* pokemon-species-27.json in Resources */ = {isa = PBXBuildFile; fileRef = 2F13932123A877630077F44E /* pokemon-species-27.json */; };
		2F13936023A877630077F44E /* pokemon-species-30.json in Resources */ = {isa = PBXBuildFile; fileRef = 2F13932223A877630077F44E /* pokemon-species-30.json */; };
		2F13936123A877630077F44E /* pokemon-species-26.json in Resources */ = {isa = PBXBuildFile; fileRef = 2F13932323A877630077F44E /* pokemon-species-26.json */; };
		2F13936223A877630077F44E /* pokemon-species-6.json in Resources */ = {isa = PBXBuildFile; fileRef = 2F13932423A877630077F44E /* pokemon-species-6.json */; };
		2F13936323A877630077F44E /* pokemon-species-10.json in Resources */ = {isa = PBXBuildFile; fileRef = 2F13932523A877630077F44E /* pokemon-species-10.json */; };
		2F13936423A877630077F44E /* pokemon-species-21.json in Resources */ = {isa = PBXBuildFile; fileRef = 2F13932623A877630077F44E /* pokemon-species-21.json */; };
		2F13936523A877630077F44E /* pokemon-species-17.json in Resources */ = {isa = PBXBuildFile; fileRef = 2F13932723A877630077F44E /* pokemon-species-17.json */; };
		2F13936623A877630077F44E /* pokemon-species-1.json in Resources */ = {isa = PBXBuildFile; fileRef = 2F13932823A877630077F44E /* pokemon-species-1.json */; };
		2F13936723A877630077F44E /* pokemon-species-16.json in Resources */ = {isa = PBXBuildFile; fileRef = 2F13932923A877630077F44E /* pokemon-species-16.json */; };
		2F13936823A877630077F44E /* pokemon-species-20.json in Resources */ = {isa = PBXBuildFile; fileRef = 2F13932A23A877630077F44E /* pokemon-species-20.json */; };
		2F13936923A877630077F44E /* pokemon-species-23.json in Resources */ = {isa = PBXBuildFile; fileRef = 2F13932B23A877630077F44E /* pokemon-species-23.json */; };
		2F13936A23A877630077F44E /* pokemon-species-19.json in Resources */ = {isa = PBXBuildFile; fileRef = 2F13932C23A877630077F44E /* pokemon-species-19.json */; };
		2F13936B23A877630077F44E /* pokemon-species-3.json in Resources */ = {isa = PBXBuildFile; fileRef = 2F13932D23A877630077F44E /* pokemon-species-3.json */; };
		2F13936C23A877630077F44E /* pokemon-species-15.json in Resources */ = {isa = PBXBuildFile; fileRef = 2F13932E23A877630077F44E /* pokemon-species-15.json */; };
		2F13936D23A877630077F44E /* pokemon-species-14.json in Resources */ = {isa = PBXBuildFile; fileRef = 2F13932F23A877630077F44E /* pokemon-species-14.json */; };
		2F13936E23A877630077F44E /* pokemon-species-2.json in Resources */ = {isa = PBXBuildFile; fileRef = 2F13933023A877630077F44E /* pokemon-species-2.json */; };
		2F13936F23A877630077F44E /* pokemon-species-18.json in Resources */ = {isa = PBXBuildFile; fileRef = 2F13933123A877630077F44E /* pokemon-species-18.json */; };
		2F13937023A877630077F44E /* pokemon-species-22.json in Resources */ = {isa = PBXBuildFile; fileRef = 2F13933223A877630077F44E /* pokemon-species-22.json */; };
		2F13937123A877630077F44E /* pokemon-species-5.json in Resources */ = {isa = PBXBuildFile; fileRef = 2F13933323A877630077F44E /* pokemon-species-5.json */; };
		2F13937223A877630077F44E /* pokemon-species-29.json in Resources */ = {isa = PBXBuildFile; fileRef = 2F13933423A877630077F44E /* pokemon-species-29.json */; };
		2F13937323A877630077F44E /* pokemon-species-13.json in Resources */ = {isa = PBXBuildFile; fileRef = 2F13933523A877630077F44E /* pokemon-species-13.json */; };
		2F13937423A877630077F44E /* pokemon-species-9.json in Resources */ = {isa = PBXBuildFile; fileRef = 2F13933623A877630077F44E /* pokemon-species-9.json */; };
		2F13937523A877630077F44E /* pokemon-species-25.json in Resources */ = {isa = PBXBuildFile; fileRef = 2F13933723A877630077F44E /* pokemon-species-25.json */; };
		2F13937623A877630077F44E /* pokemon-species-24.json in Resources */ = {isa = PBXBuildFile; fileRef = 2F13933823A877630077F44E /* pokemon-species-24.json */; };
		2F13937723A877630077F44E /* pokemon-species-8.json in Resources */ = {isa = PBXBuildFile; fileRef = 2F13933923A877630077F44E /* pokemon-species-8.json */; };
		2F13937823A877630077F44E /* pokemon-species-12.json in Resources */ = {isa = PBXBuildFile; fileRef = 2F13933A23A877630077F44E /* pokemon-species-12.json */; };
		2F13937923A877630077F44E /* pokemon-species-28.json in Resources */ = {isa = PBXBuildFile; fileRef = 2F13933B23A877630077F44E /* pokemon-species-28.json */; };
		2F13937A23A877630077F44E /* pokemon-species-4.json in Resources */ = {isa = PBXBuildFile; fileRef = 2F13933C23A877630077F44E /* pokemon-species-4.json */; };
		2F13937C23A8779E0077F44E /* Language.swift in Sources */ = {isa = PBXBuildFile; fileRef = 2F13937B23A8779E0077F44E /* Language.swift */; };
		2F13937E23A877DA0077F44E /* Ability.swift in Sources */ = {isa = PBXBuildFile; fileRef = 2F13937D23A877DA0077F44E /* Ability.swift */; };
		2F13938023A881FF0077F44E /* Pokemon.swift in Sources */ = {isa = PBXBuildFile; fileRef = 2F13937F23A881FF0077F44E /* Pokemon.swift */; };
		2F13938223A8822C0077F44E /* PokemonSpecies.swift in Sources */ = {isa = PBXBuildFile; fileRef = 2F13938123A8822C0077F44E /* PokemonSpecies.swift */; };
		2F13938423A882570077F44E /* AbilityViewModel.swift in Sources */ = {isa = PBXBuildFile; fileRef = 2F13938323A882570077F44E /* AbilityViewModel.swift */; };
		2F13938623A882730077F44E /* PokemonViewModel.swift in Sources */ = {isa = PBXBuildFile; fileRef = 2F13938523A882730077F44E /* PokemonViewModel.swift */; };
		2F13938823A8829B0077F44E /* FileHelper.swift in Sources */ = {isa = PBXBuildFile; fileRef = 2F13938723A8829B0077F44E /* FileHelper.swift */; };
		2F13938A23A882B80077F44E /* Sample.swift in Sources */ = {isa = PBXBuildFile; fileRef = 2F13938923A882B80077F44E /* Sample.swift */; };
		2F13938C23A882D30077F44E /* Helpers.swift in Sources */ = {isa = PBXBuildFile; fileRef = 2F13938B23A882D30077F44E /* Helpers.swift */; };
		2F13939023A888E10077F44E /* PokemonInfoRow.swift in Sources */ = {isa = PBXBuildFile; fileRef = 2F13938F23A888E10077F44E /* PokemonInfoRow.swift */; };
		2F13939223A8ABED0077F44E /* PokemonList.swift in Sources */ = {isa = PBXBuildFile; fileRef = 2F13939123A8ABED0077F44E /* PokemonList.swift */; };
		2F13939423A8B6FE0077F44E /* PokemonInfoPanel.swift in Sources */ = {isa = PBXBuildFile; fileRef = 2F13939323A8B6FE0077F44E /* PokemonInfoPanel.swift */; };
		2F13939623A8CCA80077F44E /* PokemonInfoPanelAbilityList.swift in Sources */ = {isa = PBXBuildFile; fileRef = 2F13939523A8CCA80077F44E /* PokemonInfoPanelAbilityList.swift */; };
		2F13939823A8D5810077F44E /* BlurView.swift in Sources */ = {isa = PBXBuildFile; fileRef = 2F13939723A8D5810077F44E /* BlurView.swift */; };
		2F13939C23A9AA240077F44E /* SettingView.swift in Sources */ = {isa = PBXBuildFile; fileRef = 2F13939B23A9AA240077F44E /* SettingView.swift */; };
		2F1393A223A9DAE00077F44E /* SettingRootView.swift in Sources */ = {isa = PBXBuildFile; fileRef = 2F1393A123A9DAE00077F44E /* SettingRootView.swift */; };
		2F38936623A9F882007C40FD /* PokemonRootView.swift in Sources */ = {isa = PBXBuildFile; fileRef = 2F38936523A9F882007C40FD /* PokemonRootView.swift */; };
		2F38936823A9FAA0007C40FD /* MainTab.swift in Sources */ = {isa = PBXBuildFile; fileRef = 2F38936723A9FAA0007C40FD /* MainTab.swift */; };
		2F713B0423AC723700D7C972 /* AppError.swift in Sources */ = {isa = PBXBuildFile; fileRef = 2F713B0323AC723700D7C972 /* AppError.swift */; };
		2F713B0623AC733300D7C972 /* AppCommand.swift in Sources */ = {isa = PBXBuildFile; fileRef = 2F713B0523AC733300D7C972 /* AppCommand.swift */; };
		2F713B0823AC809A00D7C972 /* FileStorage.swift in Sources */ = {isa = PBXBuildFile; fileRef = 2F713B0723AC809A00D7C972 /* FileStorage.swift */; };
		2F713B0A23AC934200D7C972 /* ActivityIndicatorView.swift in Sources */ = {isa = PBXBuildFile; fileRef = 2F713B0923AC934200D7C972 /* ActivityIndicatorView.swift */; };
		2F713B0E23AC9BF400D7C972 /* UserDefaultsStorage.swift in Sources */ = {isa = PBXBuildFile; fileRef = 2F713B0D23AC9BF300D7C972 /* UserDefaultsStorage.swift */; };
		2FD2BFA723AC5FCC008F8001 /* AppState.swift in Sources */ = {isa = PBXBuildFile; fileRef = 2FD2BFA623AC5FCC008F8001 /* AppState.swift */; };
		2FD2BFA923AC5FD9008F8001 /* Store.swift in Sources */ = {isa = PBXBuildFile; fileRef = 2FD2BFA823AC5FD9008F8001 /* Store.swift */; };
		2FD2BFAB23AC67EB008F8001 /* User.swift in Sources */ = {isa = PBXBuildFile; fileRef = 2FD2BFAA23AC67EB008F8001 /* User.swift */; };
		2FD2BFAD23AC6A05008F8001 /* AppAction.swift in Sources */ = {isa = PBXBuildFile; fileRef = 2FD2BFAC23AC6A05008F8001 /* AppAction.swift */; };
		2FD2BFAF23AC6FFF008F8001 /* LoginRequest.swift in Sources */ = {isa = PBXBuildFile; fileRef = 2FD2BFAE23AC6FFF008F8001 /* LoginRequest.swift */; };
/* End PBXBuildFile section */

/* Begin PBXContainerItemProxy section */
		2F01CBEF23A8642700FD1AEA /* PBXContainerItemProxy */ = {
			isa = PBXContainerItemProxy;
			containerPortal = 2F01CBCD23A8641F00FD1AEA /* Project object */;
			proxyType = 1;
			remoteGlobalIDString = 2F01CBD423A8642000FD1AEA;
			remoteInfo = PokeMaster;
		};
		2F01CBFA23A8642800FD1AEA /* PBXContainerItemProxy */ = {
			isa = PBXContainerItemProxy;
			containerPortal = 2F01CBCD23A8641F00FD1AEA /* Project object */;
			proxyType = 1;
			remoteGlobalIDString = 2F01CBD423A8642000FD1AEA;
			remoteInfo = PokeMaster;
		};
/* End PBXContainerItemProxy section */

/* Begin PBXFileReference section */
		2F01CBD523A8642000FD1AEA /* PokeMaster.app */ = {isa = PBXFileReference; explicitFileType = wrapper.application; includeInIndex = 0; path = PokeMaster.app; sourceTree = BUILT_PRODUCTS_DIR; };
		2F01CBD823A8642000FD1AEA /* AppDelegate.swift */ = {isa = PBXFileReference; lastKnownFileType = sourcecode.swift; path = AppDelegate.swift; sourceTree = "<group>"; };
		2F01CBDA23A8642000FD1AEA /* SceneDelegate.swift */ = {isa = PBXFileReference; lastKnownFileType = sourcecode.swift; path = SceneDelegate.swift; sourceTree = "<group>"; };
		2F01CBDD23A8642000FD1AEA /* PokeMaster.xcdatamodel */ = {isa = PBXFileReference; lastKnownFileType = wrapper.xcdatamodel; path = PokeMaster.xcdatamodel; sourceTree = "<group>"; };
		2F01CBDF23A8642000FD1AEA /* ContentView.swift */ = {isa = PBXFileReference; lastKnownFileType = sourcecode.swift; path = ContentView.swift; sourceTree = "<group>"; };
		2F01CBE123A8642600FD1AEA /* Assets.xcassets */ = {isa = PBXFileReference; lastKnownFileType = folder.assetcatalog; path = Assets.xcassets; sourceTree = "<group>"; };
		2F01CBE423A8642600FD1AEA /* Preview Assets.xcassets */ = {isa = PBXFileReference; lastKnownFileType = folder.assetcatalog; path = "Preview Assets.xcassets"; sourceTree = "<group>"; };
		2F01CBE723A8642600FD1AEA /* Base */ = {isa = PBXFileReference; lastKnownFileType = file.storyboard; name = Base; path = Base.lproj/LaunchScreen.storyboard; sourceTree = "<group>"; };
		2F01CBE923A8642600FD1AEA /* Info.plist */ = {isa = PBXFileReference; lastKnownFileType = text.plist.xml; path = Info.plist; sourceTree = "<group>"; };
		2F01CBEE23A8642700FD1AEA /* PokeMasterTests.xctest */ = {isa = PBXFileReference; explicitFileType = wrapper.cfbundle; includeInIndex = 0; path = PokeMasterTests.xctest; sourceTree = BUILT_PRODUCTS_DIR; };
		2F01CBF223A8642800FD1AEA /* PokeMasterTests.swift */ = {isa = PBXFileReference; lastKnownFileType = sourcecode.swift; path = PokeMasterTests.swift; sourceTree = "<group>"; };
		2F01CBF423A8642800FD1AEA /* Info.plist */ = {isa = PBXFileReference; lastKnownFileType = text.plist.xml; path = Info.plist; sourceTree = "<group>"; };
		2F01CBF923A8642800FD1AEA /* PokeMasterUITests.xctest */ = {isa = PBXFileReference; explicitFileType = wrapper.cfbundle; includeInIndex = 0; path = PokeMasterUITests.xctest; sourceTree = BUILT_PRODUCTS_DIR; };
		2F01CBFD23A8642800FD1AEA /* PokeMasterUITests.swift */ = {isa = PBXFileReference; lastKnownFileType = sourcecode.swift; path = PokeMasterUITests.swift; sourceTree = "<group>"; };
		2F01CBFF23A8642800FD1AEA /* Info.plist */ = {isa = PBXFileReference; lastKnownFileType = text.plist.xml; path = Info.plist; sourceTree = "<group>"; };
		2F1392FD23A877620077F44E /* ability-34.json */ = {isa = PBXFileReference; fileEncoding = 4; lastKnownFileType = text.json; path = "ability-34.json"; sourceTree = "<group>"; };
		2F1392FE23A877620077F44E /* ability-65.json */ = {isa = PBXFileReference; fileEncoding = 4; lastKnownFileType = text.json; path = "ability-65.json"; sourceTree = "<group>"; };
		2F13930023A877620077F44E /* pokemon-7.json */ = {isa = PBXFileReference; fileEncoding = 4; lastKnownFileType = text.json; path = "pokemon-7.json"; sourceTree = "<group>"; };
		2F13930123A877620077F44E /* pokemon-14.json */ = {isa = PBXFileReference; fileEncoding = 4; lastKnownFileType = text.json; path = "pokemon-14.json"; sourceTree = "<group>"; };
		2F13930223A877620077F44E /* pokemon-22.json */ = {isa = PBXFileReference; fileEncoding = 4; lastKnownFileType = text.json; path = "pokemon-22.json"; sourceTree = "<group>"; };
		2F13930323A877620077F44E /* pokemon-18.json */ = {isa = PBXFileReference; fileEncoding = 4; lastKnownFileType = text.json; path = "pokemon-18.json"; sourceTree = "<group>"; };
		2F13930423A877620077F44E /* pokemon-19.json */ = {isa = PBXFileReference; fileEncoding = 4; lastKnownFileType = text.json; path = "pokemon-19.json"; sourceTree = "<group>"; };
		2F13930523A877620077F44E /* pokemon-23.json */ = {isa = PBXFileReference; fileEncoding = 4; lastKnownFileType = text.json; path = "pokemon-23.json"; sourceTree = "<group>"; };
		2F13930623A877620077F44E /* pokemon-15.json */ = {isa = PBXFileReference; fileEncoding = 4; lastKnownFileType = text.json; path = "pokemon-15.json"; sourceTree = "<group>"; };
		2F13930723A877620077F44E /* pokemon-6.json */ = {isa = PBXFileReference; fileEncoding = 4; lastKnownFileType = text.json; path = "pokemon-6.json"; sourceTree = "<group>"; };
		2F13930823A877620077F44E /* pokemon-24.json */ = {isa = PBXFileReference; fileEncoding = 4; lastKnownFileType = text.json; path = "pokemon-24.json"; sourceTree = "<group>"; };
		2F13930923A877620077F44E /* pokemon-28.json */ = {isa = PBXFileReference; fileEncoding = 4; lastKnownFileType = text.json; path = "pokemon-28.json"; sourceTree = "<group>"; };
		2F13930A23A877620077F44E /* pokemon-1.json */ = {isa = PBXFileReference; fileEncoding = 4; lastKnownFileType = text.json; path = "pokemon-1.json"; sourceTree = "<group>"; };
		2F13930B23A877620077F44E /* pokemon-12.json */ = {isa = PBXFileReference; fileEncoding = 4; lastKnownFileType = text.json; path = "pokemon-12.json"; sourceTree = "<group>"; };
		2F13930C23A877620077F44E /* pokemon-13.json */ = {isa = PBXFileReference; fileEncoding = 4; lastKnownFileType = text.json; path = "pokemon-13.json"; sourceTree = "<group>"; };
		2F13930D23A877620077F44E /* pokemon-29.json */ = {isa = PBXFileReference; fileEncoding = 4; lastKnownFileType = text.json; path = "pokemon-29.json"; sourceTree = "<group>"; };
		2F13930E23A877620077F44E /* pokemon-25.json */ = {isa = PBXFileReference; fileEncoding = 4; lastKnownFileType = text.json; path = "pokemon-25.json"; sourceTree = "<group>"; };
		2F13930F23A877620077F44E /* pokemon-26.json */ = {isa = PBXFileReference; fileEncoding = 4; lastKnownFileType = text.json; path = "pokemon-26.json"; sourceTree = "<group>"; };
		2F13931023A877620077F44E /* pokemon-30.json */ = {isa = PBXFileReference; fileEncoding = 4; lastKnownFileType = text.json; path = "pokemon-30.json"; sourceTree = "<group>"; };
		2F13931123A877620077F44E /* pokemon-10.json */ = {isa = PBXFileReference; fileEncoding = 4; lastKnownFileType = text.json; path = "pokemon-10.json"; sourceTree = "<group>"; };
		2F13931223A877620077F44E /* pokemon-3.json */ = {isa = PBXFileReference; fileEncoding = 4; lastKnownFileType = text.json; path = "pokemon-3.json"; sourceTree = "<group>"; };
		2F13931323A877620077F44E /* pokemon-2.json */ = {isa = PBXFileReference; fileEncoding = 4; lastKnownFileType = text.json; path = "pokemon-2.json"; sourceTree = "<group>"; };
		2F13931423A877620077F44E /* pokemon-11.json */ = {isa = PBXFileReference; fileEncoding = 4; lastKnownFileType = text.json; path = "pokemon-11.json"; sourceTree = "<group>"; };
		2F13931523A877620077F44E /* pokemon-27.json */ = {isa = PBXFileReference; fileEncoding = 4; lastKnownFileType = text.json; path = "pokemon-27.json"; sourceTree = "<group>"; };
		2F13931623A877620077F44E /* pokemon-16.json */ = {isa = PBXFileReference; fileEncoding = 4; lastKnownFileType = text.json; path = "pokemon-16.json"; sourceTree = "<group>"; };
		2F13931723A877620077F44E /* pokemon-5.json */ = {isa = PBXFileReference; fileEncoding = 4; lastKnownFileType = text.json; path = "pokemon-5.json"; sourceTree = "<group>"; };
		2F13931823A877620077F44E /* pokemon-9.json */ = {isa = PBXFileReference; fileEncoding = 4; lastKnownFileType = text.json; path = "pokemon-9.json"; sourceTree = "<group>"; };
		2F13931923A877620077F44E /* pokemon-20.json */ = {isa = PBXFileReference; fileEncoding = 4; lastKnownFileType = text.json; path = "pokemon-20.json"; sourceTree = "<group>"; };
		2F13931A23A877620077F44E /* pokemon-21.json */ = {isa = PBXFileReference; fileEncoding = 4; lastKnownFileType = text.json; path = "pokemon-21.json"; sourceTree = "<group>"; };
		2F13931B23A877620077F44E /* pokemon-8.json */ = {isa = PBXFileReference; fileEncoding = 4; lastKnownFileType = text.json; path = "pokemon-8.json"; sourceTree = "<group>"; };
		2F13931C23A877620077F44E /* pokemon-4.json */ = {isa = PBXFileReference; fileEncoding = 4; lastKnownFileType = text.json; path = "pokemon-4.json"; sourceTree = "<group>"; };
		2F13931D23A877620077F44E /* pokemon-17.json */ = {isa = PBXFileReference; fileEncoding = 4; lastKnownFileType = text.json; path = "pokemon-17.json"; sourceTree = "<group>"; };
		2F13931F23A877630077F44E /* pokemon-species-11.json */ = {isa = PBXFileReference; fileEncoding = 4; lastKnownFileType = text.json; path = "pokemon-species-11.json"; sourceTree = "<group>"; };
		2F13932023A877630077F44E /* pokemon-species-7.json */ = {isa = PBXFileReference; fileEncoding = 4; lastKnownFileType = text.json; path = "pokemon-species-7.json"; sourceTree = "<group>"; };
		2F13932123A877630077F44E /* pokemon-species-27.json */ = {isa = PBXFileReference; fileEncoding = 4; lastKnownFileType = text.json; path = "pokemon-species-27.json"; sourceTree = "<group>"; };
		2F13932223A877630077F44E /* pokemon-species-30.json */ = {isa = PBXFileReference; fileEncoding = 4; lastKnownFileType = text.json; path = "pokemon-species-30.json"; sourceTree = "<group>"; };
		2F13932323A877630077F44E /* pokemon-species-26.json */ = {isa = PBXFileReference; fileEncoding = 4; lastKnownFileType = text.json; path = "pokemon-species-26.json"; sourceTree = "<group>"; };
		2F13932423A877630077F44E /* pokemon-species-6.json */ = {isa = PBXFileReference; fileEncoding = 4; lastKnownFileType = text.json; path = "pokemon-species-6.json"; sourceTree = "<group>"; };
		2F13932523A877630077F44E /* pokemon-species-10.json */ = {isa = PBXFileReference; fileEncoding = 4; lastKnownFileType = text.json; path = "pokemon-species-10.json"; sourceTree = "<group>"; };
		2F13932623A877630077F44E /* pokemon-species-21.json */ = {isa = PBXFileReference; fileEncoding = 4; lastKnownFileType = text.json; path = "pokemon-species-21.json"; sourceTree = "<group>"; };
		2F13932723A877630077F44E /* pokemon-species-17.json */ = {isa = PBXFileReference; fileEncoding = 4; lastKnownFileType = text.json; path = "pokemon-species-17.json"; sourceTree = "<group>"; };
		2F13932823A877630077F44E /* pokemon-species-1.json */ = {isa = PBXFileReference; fileEncoding = 4; lastKnownFileType = text.json; path = "pokemon-species-1.json"; sourceTree = "<group>"; };
		2F13932923A877630077F44E /* pokemon-species-16.json */ = {isa = PBXFileReference; fileEncoding = 4; lastKnownFileType = text.json; path = "pokemon-species-16.json"; sourceTree = "<group>"; };
		2F13932A23A877630077F44E /* pokemon-species-20.json */ = {isa = PBXFileReference; fileEncoding = 4; lastKnownFileType = text.json; path = "pokemon-species-20.json"; sourceTree = "<group>"; };
		2F13932B23A877630077F44E /* pokemon-species-23.json */ = {isa = PBXFileReference; fileEncoding = 4; lastKnownFileType = text.json; path = "pokemon-species-23.json"; sourceTree = "<group>"; };
		2F13932C23A877630077F44E /* pokemon-species-19.json */ = {isa = PBXFileReference; fileEncoding = 4; lastKnownFileType = text.json; path = "pokemon-species-19.json"; sourceTree = "<group>"; };
		2F13932D23A877630077F44E /* pokemon-species-3.json */ = {isa = PBXFileReference; fileEncoding = 4; lastKnownFileType = text.json; path = "pokemon-species-3.json"; sourceTree = "<group>"; };
		2F13932E23A877630077F44E /* pokemon-species-15.json */ = {isa = PBXFileReference; fileEncoding = 4; lastKnownFileType = text.json; path = "pokemon-species-15.json"; sourceTree = "<group>"; };
		2F13932F23A877630077F44E /* pokemon-species-14.json */ = {isa = PBXFileReference; fileEncoding = 4; lastKnownFileType = text.json; path = "pokemon-species-14.json"; sourceTree = "<group>"; };
		2F13933023A877630077F44E /* pokemon-species-2.json */ = {isa = PBXFileReference; fileEncoding = 4; lastKnownFileType = text.json; path = "pokemon-species-2.json"; sourceTree = "<group>"; };
		2F13933123A877630077F44E /* pokemon-species-18.json */ = {isa = PBXFileReference; fileEncoding = 4; lastKnownFileType = text.json; path = "pokemon-species-18.json"; sourceTree = "<group>"; };
		2F13933223A877630077F44E /* pokemon-species-22.json */ = {isa = PBXFileReference; fileEncoding = 4; lastKnownFileType = text.json; path = "pokemon-species-22.json"; sourceTree = "<group>"; };
		2F13933323A877630077F44E /* pokemon-species-5.json */ = {isa = PBXFileReference; fileEncoding = 4; lastKnownFileType = text.json; path = "pokemon-species-5.json"; sourceTree = "<group>"; };
		2F13933423A877630077F44E /* pokemon-species-29.json */ = {isa = PBXFileReference; fileEncoding = 4; lastKnownFileType = text.json; path = "pokemon-species-29.json"; sourceTree = "<group>"; };
		2F13933523A877630077F44E /* pokemon-species-13.json */ = {isa = PBXFileReference; fileEncoding = 4; lastKnownFileType = text.json; path = "pokemon-species-13.json"; sourceTree = "<group>"; };
		2F13933623A877630077F44E /* pokemon-species-9.json */ = {isa = PBXFileReference; fileEncoding = 4; lastKnownFileType = text.json; path = "pokemon-species-9.json"; sourceTree = "<group>"; };
		2F13933723A877630077F44E /* pokemon-species-25.json */ = {isa = PBXFileReference; fileEncoding = 4; lastKnownFileType = text.json; path = "pokemon-species-25.json"; sourceTree = "<group>"; };
		2F13933823A877630077F44E /* pokemon-species-24.json */ = {isa = PBXFileReference; fileEncoding = 4; lastKnownFileType = text.json; path = "pokemon-species-24.json"; sourceTree = "<group>"; };
		2F13933923A877630077F44E /* pokemon-species-8.json */ = {isa = PBXFileReference; fileEncoding = 4; lastKnownFileType = text.json; path = "pokemon-species-8.json"; sourceTree = "<group>"; };
		2F13933A23A877630077F44E /* pokemon-species-12.json */ = {isa = PBXFileReference; fileEncoding = 4; lastKnownFileType = text.json; path = "pokemon-species-12.json"; sourceTree = "<group>"; };
		2F13933B23A877630077F44E /* pokemon-species-28.json */ = {isa = PBXFileReference; fileEncoding = 4; lastKnownFileType = text.json; path = "pokemon-species-28.json"; sourceTree = "<group>"; };
		2F13933C23A877630077F44E /* pokemon-species-4.json */ = {isa = PBXFileReference; fileEncoding = 4; lastKnownFileType = text.json; path = "pokemon-species-4.json"; sourceTree = "<group>"; };
		2F13937B23A8779E0077F44E /* Language.swift */ = {isa = PBXFileReference; lastKnownFileType = sourcecode.swift; path = Language.swift; sourceTree = "<group>"; };
		2F13937D23A877DA0077F44E /* Ability.swift */ = {isa = PBXFileReference; lastKnownFileType = sourcecode.swift; path = Ability.swift; sourceTree = "<group>"; };
		2F13937F23A881FF0077F44E /* Pokemon.swift */ = {isa = PBXFileReference; lastKnownFileType = sourcecode.swift; path = Pokemon.swift; sourceTree = "<group>"; };
		2F13938123A8822C0077F44E /* PokemonSpecies.swift */ = {isa = PBXFileReference; lastKnownFileType = sourcecode.swift; path = PokemonSpecies.swift; sourceTree = "<group>"; };
		2F13938323A882570077F44E /* AbilityViewModel.swift */ = {isa = PBXFileReference; lastKnownFileType = sourcecode.swift; path = AbilityViewModel.swift; sourceTree = "<group>"; };
		2F13938523A882730077F44E /* PokemonViewModel.swift */ = {isa = PBXFileReference; lastKnownFileType = sourcecode.swift; path = PokemonViewModel.swift; sourceTree = "<group>"; };
		2F13938723A8829B0077F44E /* FileHelper.swift */ = {isa = PBXFileReference; lastKnownFileType = sourcecode.swift; path = FileHelper.swift; sourceTree = "<group>"; };
		2F13938923A882B80077F44E /* Sample.swift */ = {isa = PBXFileReference; lastKnownFileType = sourcecode.swift; path = Sample.swift; sourceTree = "<group>"; };
		2F13938B23A882D30077F44E /* Helpers.swift */ = {isa = PBXFileReference; lastKnownFileType = sourcecode.swift; path = Helpers.swift; sourceTree = "<group>"; };
		2F13938F23A888E10077F44E /* PokemonInfoRow.swift */ = {isa = PBXFileReference; lastKnownFileType = sourcecode.swift; path = PokemonInfoRow.swift; sourceTree = "<group>"; };
		2F13939123A8ABED0077F44E /* PokemonList.swift */ = {isa = PBXFileReference; lastKnownFileType = sourcecode.swift; path = PokemonList.swift; sourceTree = "<group>"; };
		2F13939323A8B6FE0077F44E /* PokemonInfoPanel.swift */ = {isa = PBXFileReference; lastKnownFileType = sourcecode.swift; path = PokemonInfoPanel.swift; sourceTree = "<group>"; };
		2F13939523A8CCA80077F44E /* PokemonInfoPanelAbilityList.swift */ = {isa = PBXFileReference; lastKnownFileType = sourcecode.swift; path = PokemonInfoPanelAbilityList.swift; sourceTree = "<group>"; };
		2F13939723A8D5810077F44E /* BlurView.swift */ = {isa = PBXFileReference; lastKnownFileType = sourcecode.swift; path = BlurView.swift; sourceTree = "<group>"; };
		2F13939B23A9AA240077F44E /* SettingView.swift */ = {isa = PBXFileReference; lastKnownFileType = sourcecode.swift; path = SettingView.swift; sourceTree = "<group>"; };
		2F1393A123A9DAE00077F44E /* SettingRootView.swift */ = {isa = PBXFileReference; lastKnownFileType = sourcecode.swift; path = SettingRootView.swift; sourceTree = "<group>"; };
		2F38936523A9F882007C40FD /* PokemonRootView.swift */ = {isa = PBXFileReference; lastKnownFileType = sourcecode.swift; path = PokemonRootView.swift; sourceTree = "<group>"; };
		2F38936723A9FAA0007C40FD /* MainTab.swift */ = {isa = PBXFileReference; lastKnownFileType = sourcecode.swift; path = MainTab.swift; sourceTree = "<group>"; };
		2F38936A23AB0015007C40FD /* Combine.playground */ = {isa = PBXFileReference; lastKnownFileType = file.playground; name = Combine.playground; path = Playground/Combine.playground; sourceTree = "<group>"; xcLanguageSpecificationIdentifier = xcode.lang.swift; };
		2F713B0323AC723700D7C972 /* AppError.swift */ = {isa = PBXFileReference; lastKnownFileType = sourcecode.swift; path = AppError.swift; sourceTree = "<group>"; };
		2F713B0523AC733300D7C972 /* AppCommand.swift */ = {isa = PBXFileReference; lastKnownFileType = sourcecode.swift; path = AppCommand.swift; sourceTree = "<group>"; };
		2F713B0723AC809A00D7C972 /* FileStorage.swift */ = {isa = PBXFileReference; lastKnownFileType = sourcecode.swift; path = FileStorage.swift; sourceTree = "<group>"; };
		2F713B0923AC934200D7C972 /* ActivityIndicatorView.swift */ = {isa = PBXFileReference; lastKnownFileType = sourcecode.swift; path = ActivityIndicatorView.swift; sourceTree = "<group>"; };
		2F713B0D23AC9BF300D7C972 /* UserDefaultsStorage.swift */ = {isa = PBXFileReference; lastKnownFileType = sourcecode.swift; path = UserDefaultsStorage.swift; sourceTree = "<group>"; };
		2FD2BFA623AC5FCC008F8001 /* AppState.swift */ = {isa = PBXFileReference; lastKnownFileType = sourcecode.swift; path = AppState.swift; sourceTree = "<group>"; };
		2FD2BFA823AC5FD9008F8001 /* Store.swift */ = {isa = PBXFileReference; lastKnownFileType = sourcecode.swift; path = Store.swift; sourceTree = "<group>"; };
		2FD2BFAA23AC67EB008F8001 /* User.swift */ = {isa = PBXFileReference; lastKnownFileType = sourcecode.swift; path = User.swift; sourceTree = "<group>"; };
		2FD2BFAC23AC6A05008F8001 /* AppAction.swift */ = {isa = PBXFileReference; lastKnownFileType = sourcecode.swift; path = AppAction.swift; sourceTree = "<group>"; };
		2FD2BFAE23AC6FFF008F8001 /* LoginRequest.swift */ = {isa = PBXFileReference; lastKnownFileType = sourcecode.swift; path = LoginRequest.swift; sourceTree = "<group>"; };
/* End PBXFileReference section */

/* Begin PBXFrameworksBuildPhase section */
		2F01CBD223A8642000FD1AEA /* Frameworks */ = {
			isa = PBXFrameworksBuildPhase;
			buildActionMask = 2147483647;
			files = (
			);
			runOnlyForDeploymentPostprocessing = 0;
		};
		2F01CBEB23A8642700FD1AEA /* Frameworks */ = {
			isa = PBXFrameworksBuildPhase;
			buildActionMask = 2147483647;
			files = (
			);
			runOnlyForDeploymentPostprocessing = 0;
		};
		2F01CBF623A8642800FD1AEA /* Frameworks */ = {
			isa = PBXFrameworksBuildPhase;
			buildActionMask = 2147483647;
			files = (
			);
			runOnlyForDeploymentPostprocessing = 0;
		};
/* End PBXFrameworksBuildPhase section */

/* Begin PBXGroup section */
		2F01CBCC23A8641F00FD1AEA = {
			isa = PBXGroup;
			children = (
				2F38936A23AB0015007C40FD /* Combine.playground */,
				2F01CBD723A8642000FD1AEA /* PokeMaster */,
				2F01CBF123A8642700FD1AEA /* PokeMasterTests */,
				2F01CBFC23A8642800FD1AEA /* PokeMasterUITests */,
				2F01CBD623A8642000FD1AEA /* Products */,
			);
			sourceTree = "<group>";
		};
		2F01CBD623A8642000FD1AEA /* Products */ = {
			isa = PBXGroup;
			children = (
				2F01CBD523A8642000FD1AEA /* PokeMaster.app */,
				2F01CBEE23A8642700FD1AEA /* PokeMasterTests.xctest */,
				2F01CBF923A8642800FD1AEA /* PokeMasterUITests.xctest */,
			);
			name = Products;
			sourceTree = "<group>";
		};
		2F01CBD723A8642000FD1AEA /* PokeMaster */ = {
			isa = PBXGroup;
			children = (
				2F13939A23A9AA060077F44E /* Setting */,
				2F13938D23A888CA0077F44E /* List */,
				2F1392F923A877200077F44E /* Utils */,
				2F1392F823A877190077F44E /* Model */,
				2F1392F723A8770A0077F44E /* JSON */,
				2F01CBD823A8642000FD1AEA /* AppDelegate.swift */,
				2F01CBDA23A8642000FD1AEA /* SceneDelegate.swift */,
				2F01CBDF23A8642000FD1AEA /* ContentView.swift */,
				2F01CBE123A8642600FD1AEA /* Assets.xcassets */,
				2F01CBE623A8642600FD1AEA /* LaunchScreen.storyboard */,
				2F01CBE923A8642600FD1AEA /* Info.plist */,
				2F01CBDC23A8642000FD1AEA /* PokeMaster.xcdatamodeld */,
				2F01CBE323A8642600FD1AEA /* Preview Content */,
				2F38936723A9FAA0007C40FD /* MainTab.swift */,
			);
			path = PokeMaster;
			sourceTree = "<group>";
		};
		2F01CBE323A8642600FD1AEA /* Preview Content */ = {
			isa = PBXGroup;
			children = (
				2F01CBE423A8642600FD1AEA /* Preview Assets.xcassets */,
			);
			path = "Preview Content";
			sourceTree = "<group>";
		};
		2F01CBF123A8642700FD1AEA /* PokeMasterTests */ = {
			isa = PBXGroup;
			children = (
				2F01CBF223A8642800FD1AEA /* PokeMasterTests.swift */,
				2F01CBF423A8642800FD1AEA /* Info.plist */,
			);
			path = PokeMasterTests;
			sourceTree = "<group>";
		};
		2F01CBFC23A8642800FD1AEA /* PokeMasterUITests */ = {
			isa = PBXGroup;
			children = (
				2F01CBFD23A8642800FD1AEA /* PokeMasterUITests.swift */,
				2F01CBFF23A8642800FD1AEA /* Info.plist */,
			);
			path = PokeMasterUITests;
			sourceTree = "<group>";
		};
		2F1392F723A8770A0077F44E /* JSON */ = {
			isa = PBXGroup;
			children = (
				2F1392FC23A877620077F44E /* abilities */,
				2F1392FF23A877620077F44E /* pokemon */,
				2F13931E23A877620077F44E /* species */,
			);
			path = JSON;
			sourceTree = "<group>";
		};
		2F1392F823A877190077F44E /* Model */ = {
			isa = PBXGroup;
			children = (
				2F1392FB23A8773D0077F44E /* DataModel */,
				2F1392FA23A877360077F44E /* ViewModel */,
			);
			path = Model;
			sourceTree = "<group>";
		};
		2F1392F923A877200077F44E /* Utils */ = {
			isa = PBXGroup;
			children = (
				2F13939723A8D5810077F44E /* BlurView.swift */,
				2F13938723A8829B0077F44E /* FileHelper.swift */,
				2F13938923A882B80077F44E /* Sample.swift */,
				2F13938B23A882D30077F44E /* Helpers.swift */,
				2F713B0723AC809A00D7C972 /* FileStorage.swift */,
				2F713B0923AC934200D7C972 /* ActivityIndicatorView.swift */,
				2F713B0D23AC9BF300D7C972 /* UserDefaultsStorage.swift */,
			);
			path = Utils;
			sourceTree = "<group>";
		};
		2F1392FA23A877360077F44E /* ViewModel */ = {
			isa = PBXGroup;
			children = (
				2F13938323A882570077F44E /* AbilityViewModel.swift */,
				2F13938523A882730077F44E /* PokemonViewModel.swift */,
			);
			path = ViewModel;
			sourceTree = "<group>";
		};
		2F1392FB23A8773D0077F44E /* DataModel */ = {
			isa = PBXGroup;
			children = (
				2F13937B23A8779E0077F44E /* Language.swift */,
				2F13937D23A877DA0077F44E /* Ability.swift */,
				2F13937F23A881FF0077F44E /* Pokemon.swift */,
				2F13938123A8822C0077F44E /* PokemonSpecies.swift */,
			);
			path = DataModel;
			sourceTree = "<group>";
		};
		2F1392FC23A877620077F44E /* abilities */ = {
			isa = PBXGroup;
			children = (
				2F1392FD23A877620077F44E /* ability-34.json */,
				2F1392FE23A877620077F44E /* ability-65.json */,
			);
			path = abilities;
			sourceTree = "<group>";
		};
		2F1392FF23A877620077F44E /* pokemon */ = {
			isa = PBXGroup;
			children = (
				2F13930023A877620077F44E /* pokemon-7.json */,
				2F13930123A877620077F44E /* pokemon-14.json */,
				2F13930223A877620077F44E /* pokemon-22.json */,
				2F13930323A877620077F44E /* pokemon-18.json */,
				2F13930423A877620077F44E /* pokemon-19.json */,
				2F13930523A877620077F44E /* pokemon-23.json */,
				2F13930623A877620077F44E /* pokemon-15.json */,
				2F13930723A877620077F44E /* pokemon-6.json */,
				2F13930823A877620077F44E /* pokemon-24.json */,
				2F13930923A877620077F44E /* pokemon-28.json */,
				2F13930A23A877620077F44E /* pokemon-1.json */,
				2F13930B23A877620077F44E /* pokemon-12.json */,
				2F13930C23A877620077F44E /* pokemon-13.json */,
				2F13930D23A877620077F44E /* pokemon-29.json */,
				2F13930E23A877620077F44E /* pokemon-25.json */,
				2F13930F23A877620077F44E /* pokemon-26.json */,
				2F13931023A877620077F44E /* pokemon-30.json */,
				2F13931123A877620077F44E /* pokemon-10.json */,
				2F13931223A877620077F44E /* pokemon-3.json */,
				2F13931323A877620077F44E /* pokemon-2.json */,
				2F13931423A877620077F44E /* pokemon-11.json */,
				2F13931523A877620077F44E /* pokemon-27.json */,
				2F13931623A877620077F44E /* pokemon-16.json */,
				2F13931723A877620077F44E /* pokemon-5.json */,
				2F13931823A877620077F44E /* pokemon-9.json */,
				2F13931923A877620077F44E /* pokemon-20.json */,
				2F13931A23A877620077F44E /* pokemon-21.json */,
				2F13931B23A877620077F44E /* pokemon-8.json */,
				2F13931C23A877620077F44E /* pokemon-4.json */,
				2F13931D23A877620077F44E /* pokemon-17.json */,
			);
			path = pokemon;
			sourceTree = "<group>";
		};
		2F13931E23A877620077F44E /* species */ = {
			isa = PBXGroup;
			children = (
				2F13931F23A877630077F44E /* pokemon-species-11.json */,
				2F13932023A877630077F44E /* pokemon-species-7.json */,
				2F13932123A877630077F44E /* pokemon-species-27.json */,
				2F13932223A877630077F44E /* pokemon-species-30.json */,
				2F13932323A877630077F44E /* pokemon-species-26.json */,
				2F13932423A877630077F44E /* pokemon-species-6.json */,
				2F13932523A877630077F44E /* pokemon-species-10.json */,
				2F13932623A877630077F44E /* pokemon-species-21.json */,
				2F13932723A877630077F44E /* pokemon-species-17.json */,
				2F13932823A877630077F44E /* pokemon-species-1.json */,
				2F13932923A877630077F44E /* pokemon-species-16.json */,
				2F13932A23A877630077F44E /* pokemon-species-20.json */,
				2F13932B23A877630077F44E /* pokemon-species-23.json */,
				2F13932C23A877630077F44E /* pokemon-species-19.json */,
				2F13932D23A877630077F44E /* pokemon-species-3.json */,
				2F13932E23A877630077F44E /* pokemon-species-15.json */,
				2F13932F23A877630077F44E /* pokemon-species-14.json */,
				2F13933023A877630077F44E /* pokemon-species-2.json */,
				2F13933123A877630077F44E /* pokemon-species-18.json */,
				2F13933223A877630077F44E /* pokemon-species-22.json */,
				2F13933323A877630077F44E /* pokemon-species-5.json */,
				2F13933423A877630077F44E /* pokemon-species-29.json */,
				2F13933523A877630077F44E /* pokemon-species-13.json */,
				2F13933623A877630077F44E /* pokemon-species-9.json */,
				2F13933723A877630077F44E /* pokemon-species-25.json */,
				2F13933823A877630077F44E /* pokemon-species-24.json */,
				2F13933923A877630077F44E /* pokemon-species-8.json */,
				2F13933A23A877630077F44E /* pokemon-species-12.json */,
				2F13933B23A877630077F44E /* pokemon-species-28.json */,
				2F13933C23A877630077F44E /* pokemon-species-4.json */,
			);
			path = species;
			sourceTree = "<group>";
		};
		2F13938D23A888CA0077F44E /* List */ = {
			isa = PBXGroup;
			children = (
				2F13939923A9A9150077F44E /* Panel */,
				2F13938E23A888D70077F44E /* Cell */,
				2F13939123A8ABED0077F44E /* PokemonList.swift */,
			);
			path = List;
			sourceTree = "<group>";
		};
		2F13938E23A888D70077F44E /* Cell */ = {
			isa = PBXGroup;
			children = (
				2F13938F23A888E10077F44E /* PokemonInfoRow.swift */,
			);
			path = Cell;
			sourceTree = "<group>";
		};
		2F13939923A9A9150077F44E /* Panel */ = {
			isa = PBXGroup;
			children = (
				2F13939323A8B6FE0077F44E /* PokemonInfoPanel.swift */,
				2F38936523A9F882007C40FD /* PokemonRootView.swift */,
				2F13939523A8CCA80077F44E /* PokemonInfoPanelAbilityList.swift */,
			);
			path = Panel;
			sourceTree = "<group>";
		};
		2F13939A23A9AA060077F44E /* Setting */ = {
			isa = PBXGroup;
			children = (
				2FD2BFB023AC700A008F8001 /* Command */,
				2FD2BFA523AC5FB3008F8001 /* Model */,
				2F13939B23A9AA240077F44E /* SettingView.swift */,
				2F1393A123A9DAE00077F44E /* SettingRootView.swift */,
			);
			path = Setting;
			sourceTree = "<group>";
		};
		2FD2BFA523AC5FB3008F8001 /* Model */ = {
			isa = PBXGroup;
			children = (
				2FD2BFA623AC5FCC008F8001 /* AppState.swift */,
				2FD2BFAC23AC6A05008F8001 /* AppAction.swift */,
				2FD2BFA823AC5FD9008F8001 /* Store.swift */,
				2FD2BFAA23AC67EB008F8001 /* User.swift */,
			);
			path = Model;
			sourceTree = "<group>";
		};
		2FD2BFB023AC700A008F8001 /* Command */ = {
			isa = PBXGroup;
			children = (
				2FD2BFAE23AC6FFF008F8001 /* LoginRequest.swift */,
				2F713B0323AC723700D7C972 /* AppError.swift */,
				2F713B0523AC733300D7C972 /* AppCommand.swift */,
			);
			path = Command;
			sourceTree = "<group>";
		};
/* End PBXGroup section */

/* Begin PBXNativeTarget section */
		2F01CBD423A8642000FD1AEA /* PokeMaster */ = {
			isa = PBXNativeTarget;
			buildConfigurationList = 2F01CC0223A8642800FD1AEA /* Build configuration list for PBXNativeTarget "PokeMaster" */;
			buildPhases = (
				2F01CBD123A8642000FD1AEA /* Sources */,
				2F01CBD223A8642000FD1AEA /* Frameworks */,
				2F01CBD323A8642000FD1AEA /* Resources */,
			);
			buildRules = (
			);
			dependencies = (
			);
			name = PokeMaster;
			productName = PokeMaster;
			productReference = 2F01CBD523A8642000FD1AEA /* PokeMaster.app */;
			productType = "com.apple.product-type.application";
		};
		2F01CBED23A8642700FD1AEA /* PokeMasterTests */ = {
			isa = PBXNativeTarget;
			buildConfigurationList = 2F01CC0523A8642800FD1AEA /* Build configuration list for PBXNativeTarget "PokeMasterTests" */;
			buildPhases = (
				2F01CBEA23A8642700FD1AEA /* Sources */,
				2F01CBEB23A8642700FD1AEA /* Frameworks */,
				2F01CBEC23A8642700FD1AEA /* Resources */,
			);
			buildRules = (
			);
			dependencies = (
				2F01CBF023A8642700FD1AEA /* PBXTargetDependency */,
			);
			name = PokeMasterTests;
			productName = PokeMasterTests;
			productReference = 2F01CBEE23A8642700FD1AEA /* PokeMasterTests.xctest */;
			productType = "com.apple.product-type.bundle.unit-test";
		};
		2F01CBF823A8642800FD1AEA /* PokeMasterUITests */ = {
			isa = PBXNativeTarget;
			buildConfigurationList = 2F01CC0823A8642800FD1AEA /* Build configuration list for PBXNativeTarget "PokeMasterUITests" */;
			buildPhases = (
				2F01CBF523A8642800FD1AEA /* Sources */,
				2F01CBF623A8642800FD1AEA /* Frameworks */,
				2F01CBF723A8642800FD1AEA /* Resources */,
			);
			buildRules = (
			);
			dependencies = (
				2F01CBFB23A8642800FD1AEA /* PBXTargetDependency */,
			);
			name = PokeMasterUITests;
			productName = PokeMasterUITests;
			productReference = 2F01CBF923A8642800FD1AEA /* PokeMasterUITests.xctest */;
			productType = "com.apple.product-type.bundle.ui-testing";
		};
/* End PBXNativeTarget section */

/* Begin PBXProject section */
		2F01CBCD23A8641F00FD1AEA /* Project object */ = {
			isa = PBXProject;
			attributes = {
				LastSwiftUpdateCheck = 1100;
				LastUpgradeCheck = 1100;
				ORGANIZATIONNAME = sungrow;
				TargetAttributes = {
					2F01CBD423A8642000FD1AEA = {
						CreatedOnToolsVersion = 11.0;
					};
					2F01CBED23A8642700FD1AEA = {
						CreatedOnToolsVersion = 11.0;
						TestTargetID = 2F01CBD423A8642000FD1AEA;
					};
					2F01CBF823A8642800FD1AEA = {
						CreatedOnToolsVersion = 11.0;
						TestTargetID = 2F01CBD423A8642000FD1AEA;
					};
				};
			};
			buildConfigurationList = 2F01CBD023A8641F00FD1AEA /* Build configuration list for PBXProject "PokeMaster" */;
			compatibilityVersion = "Xcode 9.3";
			developmentRegion = en;
			hasScannedForEncodings = 0;
			knownRegions = (
				en,
				Base,
			);
			mainGroup = 2F01CBCC23A8641F00FD1AEA;
			productRefGroup = 2F01CBD623A8642000FD1AEA /* Products */;
			projectDirPath = "";
			projectRoot = "";
			targets = (
				2F01CBD423A8642000FD1AEA /* PokeMaster */,
				2F01CBED23A8642700FD1AEA /* PokeMasterTests */,
				2F01CBF823A8642800FD1AEA /* PokeMasterUITests */,
			);
		};
/* End PBXProject section */

/* Begin PBXResourcesBuildPhase section */
		2F01CBD323A8642000FD1AEA /* Resources */ = {
			isa = PBXResourcesBuildPhase;
			buildActionMask = 2147483647;
			files = (
				2F13935923A877630077F44E /* pokemon-21.json in Resources */,
				2F13934C23A877630077F44E /* pokemon-29.json in Resources */,
				2F13935323A877630077F44E /* pokemon-11.json in Resources */,
				2F13936923A877630077F44E /* pokemon-species-23.json in Resources */,
				2F13935423A877630077F44E /* pokemon-27.json in Resources */,
				2F13936F23A877630077F44E /* pokemon-species-18.json in Resources */,
				2F13935B23A877630077F44E /* pokemon-4.json in Resources */,
				2F13934023A877630077F44E /* pokemon-14.json in Resources */,
				2F13937623A877630077F44E /* pokemon-species-24.json in Resources */,
				2F13935223A877630077F44E /* pokemon-2.json in Resources */,
				2F13934123A877630077F44E /* pokemon-22.json in Resources */,
				2F13934823A877630077F44E /* pokemon-28.json in Resources */,
				2F13934223A877630077F44E /* pokemon-18.json in Resources */,
				2F13935023A877630077F44E /* pokemon-10.json in Resources */,
				2F13935E23A877630077F44E /* pokemon-species-7.json in Resources */,
				2F01CBE823A8642600FD1AEA /* LaunchScreen.storyboard in Resources */,
				2F13935D23A877630077F44E /* pokemon-species-11.json in Resources */,
				2F13936823A877630077F44E /* pokemon-species-20.json in Resources */,
				2F13933F23A877630077F44E /* pokemon-7.json in Resources */,
				2F13937123A877630077F44E /* pokemon-species-5.json in Resources */,
				2F13934A23A877630077F44E /* pokemon-12.json in Resources */,
				2F13937723A877630077F44E /* pokemon-species-8.json in Resources */,
				2F13935523A877630077F44E /* pokemon-16.json in Resources */,
				2F13934D23A877630077F44E /* pokemon-25.json in Resources */,
				2F13933D23A877630077F44E /* ability-34.json in Resources */,
				2F13934423A877630077F44E /* pokemon-23.json in Resources */,
				2F13935C23A877630077F44E /* pokemon-17.json in Resources */,
				2F13936723A877630077F44E /* pokemon-species-16.json in Resources */,
				2F01CBE523A8642600FD1AEA /* Preview Assets.xcassets in Resources */,
				2F13936123A877630077F44E /* pokemon-species-26.json in Resources */,
				2F13934F23A877630077F44E /* pokemon-30.json in Resources */,
				2F01CBE223A8642600FD1AEA /* Assets.xcassets in Resources */,
				2F13935123A877630077F44E /* pokemon-3.json in Resources */,
				2F13935F23A877630077F44E /* pokemon-species-27.json in Resources */,
				2F13936B23A877630077F44E /* pokemon-species-3.json in Resources */,
				2F13934B23A877630077F44E /* pokemon-13.json in Resources */,
				2F13936A23A877630077F44E /* pokemon-species-19.json in Resources */,
				2F13937223A877630077F44E /* pokemon-species-29.json in Resources */,
				2F13934E23A877630077F44E /* pokemon-26.json in Resources */,
				2F13934723A877630077F44E /* pokemon-24.json in Resources */,
				2F13937923A877630077F44E /* pokemon-species-28.json in Resources */,
				2F13933E23A877630077F44E /* ability-65.json in Resources */,
				2F13936623A877630077F44E /* pokemon-species-1.json in Resources */,
				2F13936423A877630077F44E /* pokemon-species-21.json in Resources */,
				2F13934623A877630077F44E /* pokemon-6.json in Resources */,
				2F13935A23A877630077F44E /* pokemon-8.json in Resources */,
				2F13934923A877630077F44E /* pokemon-1.json in Resources */,
				2F13937023A877630077F44E /* pokemon-species-22.json in Resources */,
				2F13936223A877630077F44E /* pokemon-species-6.json in Resources */,
				2F13934323A877630077F44E /* pokemon-19.json in Resources */,
				2F13936D23A877630077F44E /* pokemon-species-14.json in Resources */,
				2F13935823A877630077F44E /* pokemon-20.json in Resources */,
				2F13937523A877630077F44E /* pokemon-species-25.json in Resources */,
				2F13936023A877630077F44E /* pokemon-species-30.json in Resources */,
				2F13937823A877630077F44E /* pokemon-species-12.json in Resources */,
				2F13937323A877630077F44E /* pokemon-species-13.json in Resources */,
				2F13937423A877630077F44E /* pokemon-species-9.json in Resources */,
				2F13935723A877630077F44E /* pokemon-9.json in Resources */,
				2F13936323A877630077F44E /* pokemon-species-10.json in Resources */,
				2F13935623A877630077F44E /* pokemon-5.json in Resources */,
				2F13937A23A877630077F44E /* pokemon-species-4.json in Resources */,
				2F13936523A877630077F44E /* pokemon-species-17.json in Resources */,
				2F13936E23A877630077F44E /* pokemon-species-2.json in Resources */,
				2F13936C23A877630077F44E /* pokemon-species-15.json in Resources */,
				2F13934523A877630077F44E /* pokemon-15.json in Resources */,
			);
			runOnlyForDeploymentPostprocessing = 0;
		};
		2F01CBEC23A8642700FD1AEA /* Resources */ = {
			isa = PBXResourcesBuildPhase;
			buildActionMask = 2147483647;
			files = (
			);
			runOnlyForDeploymentPostprocessing = 0;
		};
		2F01CBF723A8642800FD1AEA /* Resources */ = {
			isa = PBXResourcesBuildPhase;
			buildActionMask = 2147483647;
			files = (
			);
			runOnlyForDeploymentPostprocessing = 0;
		};
/* End PBXResourcesBuildPhase section */

/* Begin PBXSourcesBuildPhase section */
		2F01CBD123A8642000FD1AEA /* Sources */ = {
			isa = PBXSourcesBuildPhase;
			buildActionMask = 2147483647;
			files = (
				2F713B0E23AC9BF400D7C972 /* UserDefaultsStorage.swift in Sources */,
				2FD2BFAF23AC6FFF008F8001 /* LoginRequest.swift in Sources */,
				2F13938023A881FF0077F44E /* Pokemon.swift in Sources */,
				2F13938A23A882B80077F44E /* Sample.swift in Sources */,
				2F01CBD923A8642000FD1AEA /* AppDelegate.swift in Sources */,
				2FD2BFAB23AC67EB008F8001 /* User.swift in Sources */,
				2FD2BFA723AC5FCC008F8001 /* AppState.swift in Sources */,
				2F13937C23A8779E0077F44E /* Language.swift in Sources */,
				2FD2BFA923AC5FD9008F8001 /* Store.swift in Sources */,
				2F01CBDB23A8642000FD1AEA /* SceneDelegate.swift in Sources */,
				2F13939823A8D5810077F44E /* BlurView.swift in Sources */,
				2F13938823A8829B0077F44E /* FileHelper.swift in Sources */,
				2F713B0823AC809A00D7C972 /* FileStorage.swift in Sources */,
				2F713B0623AC733300D7C972 /* AppCommand.swift in Sources */,
				2F13939423A8B6FE0077F44E /* PokemonInfoPanel.swift in Sources */,
				2F13938223A8822C0077F44E /* PokemonSpecies.swift in Sources */,
				2F13938423A882570077F44E /* AbilityViewModel.swift in Sources */,
				2F713B0A23AC934200D7C972 /* ActivityIndicatorView.swift in Sources */,
				2FD2BFAD23AC6A05008F8001 /* AppAction.swift in Sources */,
				2F13939C23A9AA240077F44E /* SettingView.swift in Sources */,
				2F38936823A9FAA0007C40FD /* MainTab.swift in Sources */,
				2F13938623A882730077F44E /* PokemonViewModel.swift in Sources */,
				2F01CBE023A8642000FD1AEA /* ContentView.swift in Sources */,
				2F13939623A8CCA80077F44E /* PokemonInfoPanelAbilityList.swift in Sources */,
				2F713B0423AC723700D7C972 /* AppError.swift in Sources */,
				2F13939023A888E10077F44E /* PokemonInfoRow.swift in Sources */,
				2F13938C23A882D30077F44E /* Helpers.swift in Sources */,
				2F13937E23A877DA0077F44E /* Ability.swift in Sources */,
				2F38936623A9F882007C40FD /* PokemonRootView.swift in Sources */,
				2F1393A223A9DAE00077F44E /* SettingRootView.swift in Sources */,
				2F01CBDE23A8642000FD1AEA /* PokeMaster.xcdatamodeld in Sources */,
				2F13939223A8ABED0077F44E /* PokemonList.swift in Sources */,
			);
			runOnlyForDeploymentPostprocessing = 0;
		};
		2F01CBEA23A8642700FD1AEA /* Sources */ = {
			isa = PBXSourcesBuildPhase;
			buildActionMask = 2147483647;
			files = (
				2F01CBF323A8642800FD1AEA /* PokeMasterTests.swift in Sources */,
			);
			runOnlyForDeploymentPostprocessing = 0;
		};
		2F01CBF523A8642800FD1AEA /* Sources */ = {
			isa = PBXSourcesBuildPhase;
			buildActionMask = 2147483647;
			files = (
				2F01CBFE23A8642800FD1AEA /* PokeMasterUITests.swift in Sources */,
			);
			runOnlyForDeploymentPostprocessing = 0;
		};
/* End PBXSourcesBuildPhase section */

/* Begin PBXTargetDependency section */
		2F01CBF023A8642700FD1AEA /* PBXTargetDependency */ = {
			isa = PBXTargetDependency;
			target = 2F01CBD423A8642000FD1AEA /* PokeMaster */;
			targetProxy = 2F01CBEF23A8642700FD1AEA /* PBXContainerItemProxy */;
		};
		2F01CBFB23A8642800FD1AEA /* PBXTargetDependency */ = {
			isa = PBXTargetDependency;
			target = 2F01CBD423A8642000FD1AEA /* PokeMaster */;
			targetProxy = 2F01CBFA23A8642800FD1AEA /* PBXContainerItemProxy */;
		};
/* End PBXTargetDependency section */

/* Begin PBXVariantGroup section */
		2F01CBE623A8642600FD1AEA /* LaunchScreen.storyboard */ = {
			isa = PBXVariantGroup;
			children = (
				2F01CBE723A8642600FD1AEA /* Base */,
			);
			name = LaunchScreen.storyboard;
			sourceTree = "<group>";
		};
/* End PBXVariantGroup section */

/* Begin XCBuildConfiguration section */
		2F01CC0023A8642800FD1AEA /* Debug */ = {
			isa = XCBuildConfiguration;
			buildSettings = {
				ALWAYS_SEARCH_USER_PATHS = NO;
				CLANG_ANALYZER_NONNULL = YES;
				CLANG_ANALYZER_NUMBER_OBJECT_CONVERSION = YES_AGGRESSIVE;
				CLANG_CXX_LANGUAGE_STANDARD = "gnu++14";
				CLANG_CXX_LIBRARY = "libc++";
				CLANG_ENABLE_MODULES = YES;
				CLANG_ENABLE_OBJC_ARC = YES;
				CLANG_ENABLE_OBJC_WEAK = YES;
				CLANG_WARN_BLOCK_CAPTURE_AUTORELEASING = YES;
				CLANG_WARN_BOOL_CONVERSION = YES;
				CLANG_WARN_COMMA = YES;
				CLANG_WARN_CONSTANT_CONVERSION = YES;
				CLANG_WARN_DEPRECATED_OBJC_IMPLEMENTATIONS = YES;
				CLANG_WARN_DIRECT_OBJC_ISA_USAGE = YES_ERROR;
				CLANG_WARN_DOCUMENTATION_COMMENTS = YES;
				CLANG_WARN_EMPTY_BODY = YES;
				CLANG_WARN_ENUM_CONVERSION = YES;
				CLANG_WARN_INFINITE_RECURSION = YES;
				CLANG_WARN_INT_CONVERSION = YES;
				CLANG_WARN_NON_LITERAL_NULL_CONVERSION = YES;
				CLANG_WARN_OBJC_IMPLICIT_RETAIN_SELF = YES;
				CLANG_WARN_OBJC_LITERAL_CONVERSION = YES;
				CLANG_WARN_OBJC_ROOT_CLASS = YES_ERROR;
				CLANG_WARN_RANGE_LOOP_ANALYSIS = YES;
				CLANG_WARN_STRICT_PROTOTYPES = YES;
				CLANG_WARN_SUSPICIOUS_MOVE = YES;
				CLANG_WARN_UNGUARDED_AVAILABILITY = YES_AGGRESSIVE;
				CLANG_WARN_UNREACHABLE_CODE = YES;
				CLANG_WARN__DUPLICATE_METHOD_MATCH = YES;
				COPY_PHASE_STRIP = NO;
				DEBUG_INFORMATION_FORMAT = dwarf;
				ENABLE_STRICT_OBJC_MSGSEND = YES;
				ENABLE_TESTABILITY = YES;
				GCC_C_LANGUAGE_STANDARD = gnu11;
				GCC_DYNAMIC_NO_PIC = NO;
				GCC_NO_COMMON_BLOCKS = YES;
				GCC_OPTIMIZATION_LEVEL = 0;
				GCC_PREPROCESSOR_DEFINITIONS = (
					"DEBUG=1",
					"$(inherited)",
				);
				GCC_WARN_64_TO_32_BIT_CONVERSION = YES;
				GCC_WARN_ABOUT_RETURN_TYPE = YES_ERROR;
				GCC_WARN_UNDECLARED_SELECTOR = YES;
				GCC_WARN_UNINITIALIZED_AUTOS = YES_AGGRESSIVE;
				GCC_WARN_UNUSED_FUNCTION = YES;
				GCC_WARN_UNUSED_VARIABLE = YES;
				IPHONEOS_DEPLOYMENT_TARGET = 13.0;
				MTL_ENABLE_DEBUG_INFO = INCLUDE_SOURCE;
				MTL_FAST_MATH = YES;
				ONLY_ACTIVE_ARCH = YES;
				SDKROOT = iphoneos;
				SWIFT_ACTIVE_COMPILATION_CONDITIONS = DEBUG;
				SWIFT_OPTIMIZATION_LEVEL = "-Onone";
			};
			name = Debug;
		};
		2F01CC0123A8642800FD1AEA /* Release */ = {
			isa = XCBuildConfiguration;
			buildSettings = {
				ALWAYS_SEARCH_USER_PATHS = NO;
				CLANG_ANALYZER_NONNULL = YES;
				CLANG_ANALYZER_NUMBER_OBJECT_CONVERSION = YES_AGGRESSIVE;
				CLANG_CXX_LANGUAGE_STANDARD = "gnu++14";
				CLANG_CXX_LIBRARY = "libc++";
				CLANG_ENABLE_MODULES = YES;
				CLANG_ENABLE_OBJC_ARC = YES;
				CLANG_ENABLE_OBJC_WEAK = YES;
				CLANG_WARN_BLOCK_CAPTURE_AUTORELEASING = YES;
				CLANG_WARN_BOOL_CONVERSION = YES;
				CLANG_WARN_COMMA = YES;
				CLANG_WARN_CONSTANT_CONVERSION = YES;
				CLANG_WARN_DEPRECATED_OBJC_IMPLEMENTATIONS = YES;
				CLANG_WARN_DIRECT_OBJC_ISA_USAGE = YES_ERROR;
				CLANG_WARN_DOCUMENTATION_COMMENTS = YES;
				CLANG_WARN_EMPTY_BODY = YES;
				CLANG_WARN_ENUM_CONVERSION = YES;
				CLANG_WARN_INFINITE_RECURSION = YES;
				CLANG_WARN_INT_CONVERSION = YES;
				CLANG_WARN_NON_LITERAL_NULL_CONVERSION = YES;
				CLANG_WARN_OBJC_IMPLICIT_RETAIN_SELF = YES;
				CLANG_WARN_OBJC_LITERAL_CONVERSION = YES;
				CLANG_WARN_OBJC_ROOT_CLASS = YES_ERROR;
				CLANG_WARN_RANGE_LOOP_ANALYSIS = YES;
				CLANG_WARN_STRICT_PROTOTYPES = YES;
				CLANG_WARN_SUSPICIOUS_MOVE = YES;
				CLANG_WARN_UNGUARDED_AVAILABILITY = YES_AGGRESSIVE;
				CLANG_WARN_UNREACHABLE_CODE = YES;
				CLANG_WARN__DUPLICATE_METHOD_MATCH = YES;
				COPY_PHASE_STRIP = NO;
				DEBUG_INFORMATION_FORMAT = "dwarf-with-dsym";
				ENABLE_NS_ASSERTIONS = NO;
				ENABLE_STRICT_OBJC_MSGSEND = YES;
				GCC_C_LANGUAGE_STANDARD = gnu11;
				GCC_NO_COMMON_BLOCKS = YES;
				GCC_WARN_64_TO_32_BIT_CONVERSION = YES;
				GCC_WARN_ABOUT_RETURN_TYPE = YES_ERROR;
				GCC_WARN_UNDECLARED_SELECTOR = YES;
				GCC_WARN_UNINITIALIZED_AUTOS = YES_AGGRESSIVE;
				GCC_WARN_UNUSED_FUNCTION = YES;
				GCC_WARN_UNUSED_VARIABLE = YES;
				IPHONEOS_DEPLOYMENT_TARGET = 13.0;
				MTL_ENABLE_DEBUG_INFO = NO;
				MTL_FAST_MATH = YES;
				SDKROOT = iphoneos;
				SWIFT_COMPILATION_MODE = wholemodule;
				SWIFT_OPTIMIZATION_LEVEL = "-O";
				VALIDATE_PRODUCT = YES;
			};
			name = Release;
		};
		2F01CC0323A8642800FD1AEA /* Debug */ = {
			isa = XCBuildConfiguration;
			buildSettings = {
				ASSETCATALOG_COMPILER_APPICON_NAME = AppIcon;
				CODE_SIGN_STYLE = Automatic;
				DEVELOPMENT_ASSET_PATHS = "\"PokeMaster/Preview Content\"";
				DEVELOPMENT_TEAM = 453F6RK52H;
				ENABLE_PREVIEWS = YES;
				INFOPLIST_FILE = PokeMaster/Info.plist;
				LD_RUNPATH_SEARCH_PATHS = (
					"$(inherited)",
					"@executable_path/Frameworks",
				);
				PRODUCT_BUNDLE_IDENTIFIER = isolarcloud.com.PokeMaster;
				PRODUCT_NAME = "$(TARGET_NAME)";
				SWIFT_VERSION = 5.0;
				TARGETED_DEVICE_FAMILY = "1,2";
			};
			name = Debug;
		};
		2F01CC0423A8642800FD1AEA /* Release */ = {
			isa = XCBuildConfiguration;
			buildSettings = {
				ASSETCATALOG_COMPILER_APPICON_NAME = AppIcon;
				CODE_SIGN_STYLE = Automatic;
				DEVELOPMENT_ASSET_PATHS = "\"PokeMaster/Preview Content\"";
				DEVELOPMENT_TEAM = 453F6RK52H;
				ENABLE_PREVIEWS = YES;
				INFOPLIST_FILE = PokeMaster/Info.plist;
				LD_RUNPATH_SEARCH_PATHS = (
					"$(inherited)",
					"@executable_path/Frameworks",
				);
				PRODUCT_BUNDLE_IDENTIFIER = isolarcloud.com.PokeMaster;
				PRODUCT_NAME = "$(TARGET_NAME)";
				SWIFT_VERSION = 5.0;
				TARGETED_DEVICE_FAMILY = "1,2";
			};
			name = Release;
		};
		2F01CC0623A8642800FD1AEA /* Debug */ = {
			isa = XCBuildConfiguration;
			buildSettings = {
				ALWAYS_EMBED_SWIFT_STANDARD_LIBRARIES = YES;
				BUNDLE_LOADER = "$(TEST_HOST)";
				CODE_SIGN_STYLE = Automatic;
				DEVELOPMENT_TEAM = 453F6RK52H;
				INFOPLIST_FILE = PokeMasterTests/Info.plist;
				IPHONEOS_DEPLOYMENT_TARGET = 13.0;
				LD_RUNPATH_SEARCH_PATHS = (
					"$(inherited)",
					"@executable_path/Frameworks",
					"@loader_path/Frameworks",
				);
				PRODUCT_BUNDLE_IDENTIFIER = isolarcloud.com.PokeMasterTests;
				PRODUCT_NAME = "$(TARGET_NAME)";
				SWIFT_VERSION = 5.0;
				TARGETED_DEVICE_FAMILY = "1,2";
				TEST_HOST = "$(BUILT_PRODUCTS_DIR)/PokeMaster.app/PokeMaster";
			};
			name = Debug;
		};
		2F01CC0723A8642800FD1AEA /* Release */ = {
			isa = XCBuildConfiguration;
			buildSettings = {
				ALWAYS_EMBED_SWIFT_STANDARD_LIBRARIES = YES;
				BUNDLE_LOADER = "$(TEST_HOST)";
				CODE_SIGN_STYLE = Automatic;
				DEVELOPMENT_TEAM = 453F6RK52H;
				INFOPLIST_FILE = PokeMasterTests/Info.plist;
				IPHONEOS_DEPLOYMENT_TARGET = 13.0;
				LD_RUNPATH_SEARCH_PATHS = (
					"$(inherited)",
					"@executable_path/Frameworks",
					"@loader_path/Frameworks",
				);
				PRODUCT_BUNDLE_IDENTIFIER = isolarcloud.com.PokeMasterTests;
				PRODUCT_NAME = "$(TARGET_NAME)";
				SWIFT_VERSION = 5.0;
				TARGETED_DEVICE_FAMILY = "1,2";
				TEST_HOST = "$(BUILT_PRODUCTS_DIR)/PokeMaster.app/PokeMaster";
			};
			name = Release;
		};
		2F01CC0923A8642800FD1AEA /* Debug */ = {
			isa = XCBuildConfiguration;
			buildSettings = {
				ALWAYS_EMBED_SWIFT_STANDARD_LIBRARIES = YES;
				CODE_SIGN_STYLE = Automatic;
				DEVELOPMENT_TEAM = 453F6RK52H;
				INFOPLIST_FILE = PokeMasterUITests/Info.plist;
				LD_RUNPATH_SEARCH_PATHS = (
					"$(inherited)",
					"@executable_path/Frameworks",
					"@loader_path/Frameworks",
				);
				PRODUCT_BUNDLE_IDENTIFIER = isolarcloud.com.PokeMasterUITests;
				PRODUCT_NAME = "$(TARGET_NAME)";
				SWIFT_VERSION = 5.0;
				TARGETED_DEVICE_FAMILY = "1,2";
				TEST_TARGET_NAME = PokeMaster;
			};
			name = Debug;
		};
		2F01CC0A23A8642800FD1AEA /* Release */ = {
			isa = XCBuildConfiguration;
			buildSettings = {
				ALWAYS_EMBED_SWIFT_STANDARD_LIBRARIES = YES;
				CODE_SIGN_STYLE = Automatic;
				DEVELOPMENT_TEAM = 453F6RK52H;
				INFOPLIST_FILE = PokeMasterUITests/Info.plist;
				LD_RUNPATH_SEARCH_PATHS = (
					"$(inherited)",
					"@executable_path/Frameworks",
					"@loader_path/Frameworks",
				);
				PRODUCT_BUNDLE_IDENTIFIER = isolarcloud.com.PokeMasterUITests;
				PRODUCT_NAME = "$(TARGET_NAME)";
				SWIFT_VERSION = 5.0;
				TARGETED_DEVICE_FAMILY = "1,2";
				TEST_TARGET_NAME = PokeMaster;
			};
			name = Release;
		};
/* End XCBuildConfiguration section */

/* Begin XCConfigurationList section */
		2F01CBD023A8641F00FD1AEA /* Build configuration list for PBXProject "PokeMaster" */ = {
			isa = XCConfigurationList;
			buildConfigurations = (
				2F01CC0023A8642800FD1AEA /* Debug */,
				2F01CC0123A8642800FD1AEA /* Release */,
			);
			defaultConfigurationIsVisible = 0;
			defaultConfigurationName = Release;
		};
		2F01CC0223A8642800FD1AEA /* Build configuration list for PBXNativeTarget "PokeMaster" */ = {
			isa = XCConfigurationList;
			buildConfigurations = (
				2F01CC0323A8642800FD1AEA /* Debug */,
				2F01CC0423A8642800FD1AEA /* Release */,
			);
			defaultConfigurationIsVisible = 0;
			defaultConfigurationName = Release;
		};
		2F01CC0523A8642800FD1AEA /* Build configuration list for PBXNativeTarget "PokeMasterTests" */ = {
			isa = XCConfigurationList;
			buildConfigurations = (
				2F01CC0623A8642800FD1AEA /* Debug */,
				2F01CC0723A8642800FD1AEA /* Release */,
			);
			defaultConfigurationIsVisible = 0;
			defaultConfigurationName = Release;
		};
		2F01CC0823A8642800FD1AEA /* Build configuration list for PBXNativeTarget "PokeMasterUITests" */ = {
			isa = XCConfigurationList;
			buildConfigurations = (
				2F01CC0923A8642800FD1AEA /* Debug */,
				2F01CC0A23A8642800FD1AEA /* Release */,
			);
			defaultConfigurationIsVisible = 0;
			defaultConfigurationName = Release;
		};
/* End XCConfigurationList section */

/* Begin XCVersionGroup section */
		2F01CBDC23A8642000FD1AEA /* PokeMaster.xcdatamodeld */ = {
			isa = XCVersionGroup;
			children = (
				2F01CBDD23A8642000FD1AEA /* PokeMaster.xcdatamodel */,
			);
			currentVersion = 2F01CBDD23A8642000FD1AEA /* PokeMaster.xcdatamodel */;
			path = PokeMaster.xcdatamodeld;
			sourceTree = "<group>";
			versionGroupType = wrapper.xcdatamodel;
		};
/* End XCVersionGroup section */
	};
	rootObject = 2F01CBCD23A8641F00FD1AEA /* Project object */;
}
